Microsoft Visual Studio Solution File, Format Version 12.00
# Visual Studio Version 17
VisualStudioVersion = 17.5.2.0
MinimumVisualStudioVersion = 10.0.40219.1
Project("{FAE04EC0-301F-11D3-BF4B-00C04F79EFBC}") = "tarea_4", "tarea_4.csproj", "{FA0C3CC1-87EB-E784-DDEE-FC6532BDB20A}"
EndProject
Global
	GlobalSection(SolutionConfigurationPlatforms) = preSolution
		Debug|Any CPU = Debug|Any CPU
		Release|Any CPU = Release|Any CPU
	EndGlobalSection
	GlobalSection(ProjectConfigurationPlatforms) = postSolution
		{FA0C3CC1-87EB-E784-DDEE-FC6532BDB20A}.Debug|Any CPU.ActiveCfg = Debug|Any CPU
		{FA0C3CC1-87EB-E784-DDEE-FC6532BDB20A}.Debug|Any CPU.Build.0 = Debug|Any CPU
		{FA0C3CC1-87EB-E784-DDEE-FC6532BDB20A}.Release|Any CPU.ActiveCfg = Release|Any CPU
		{FA0C3CC1-87EB-E784-DDEE-FC6532BDB20A}.Release|Any CPU.Build.0 = Release|Any CPU
	EndGlobalSection
	GlobalSection(SolutionProperties) = preSolution
		HideSolutionNode = FALSE
	EndGlobalSection
	GlobalSection(ExtensibilityGlobals) = postSolution
		SolutionGuid = {E788ACF9-E1A9-46A0-A342-8819CBE4B6D6}
	EndGlobalSection
EndGlobal
